
Microsoft Visual Studio Solution File, Format Version 12.00
# Visual Studio Version 17
VisualStudioVersion = 17.0.31912.275
MinimumVisualStudioVersion = 10.0.40219.1
Project("{9A19103F-16F7-4668-BE54-9A1E7A4F7556}") = "AgendadorTarefas", "AgendadorTarefas\AgendadorTarefas.csproj", "{18D258E8-71FA-46B8-BEBD-351567947B52}"
EndProject
Project("{9A19103F-16F7-4668-BE54-9A1E7A4F7556}") = "ValidarServico", "ValidarServico\ValidarServico.csproj", "{EE17A7D4-6D0D-4011-8E56-A47B93986D9E}"
EndProject
Project("{FAE04EC0-301F-11D3-BF4B-00C04F79EFBC}") = "RatearDesconto", "RatearDesconto\RatearDesconto.csproj", "{40299DD4-9AE9-42AF-B49F-A31B9A0E11D9}"
EndProject
Project("{9A19103F-16F7-4668-BE54-9A1E7A4F7556}") = "DIP", "DIP\DIP.csproj", "{89D92292-145A-4E1D-AA9E-03A82031DFC6}"
EndProject
Global
	GlobalSection(SolutionConfigurationPlatforms) = preSolution
		Debug|Any CPU = Debug|Any CPU
		Release|Any CPU = Release|Any CPU
	EndGlobalSection
	GlobalSection(ProjectConfigurationPlatforms) = postSolution
		{18D258E8-71FA-46B8-BEBD-351567947B52}.Debug|Any CPU.ActiveCfg = Debug|Any CPU
		{18D258E8-71FA-46B8-BEBD-351567947B52}.Debug|Any CPU.Build.0 = Debug|Any CPU
		{18D258E8-71FA-46B8-BEBD-351567947B52}.Release|Any CPU.ActiveCfg = Release|Any CPU
		{18D258E8-71FA-46B8-BEBD-351567947B52}.Release|Any CPU.Build.0 = Release|Any CPU
		{EE17A7D4-6D0D-4011-8E56-A47B93986D9E}.Debug|Any CPU.ActiveCfg = Debug|Any CPU
		{EE17A7D4-6D0D-4011-8E56-A47B93986D9E}.Debug|Any CPU.Build.0 = Debug|Any CPU
		{EE17A7D4-6D0D-4011-8E56-A47B93986D9E}.Release|Any CPU.ActiveCfg = Release|Any CPU
		{EE17A7D4-6D0D-4011-8E56-A47B93986D9E}.Release|Any CPU.Build.0 = Release|Any CPU
		{40299DD4-9AE9-42AF-B49F-A31B9A0E11D9}.Debug|Any CPU.ActiveCfg = Debug|Any CPU
		{40299DD4-9AE9-42AF-B49F-A31B9A0E11D9}.Debug|Any CPU.Build.0 = Debug|Any CPU
		{40299DD4-9AE9-42AF-B49F-A31B9A0E11D9}.Release|Any CPU.ActiveCfg = Release|Any CPU
		{40299DD4-9AE9-42AF-B49F-A31B9A0E11D9}.Release|Any CPU.Build.0 = Release|Any CPU
		{89D92292-145A-4E1D-AA9E-03A82031DFC6}.Debug|Any CPU.ActiveCfg = Debug|Any CPU
		{89D92292-145A-4E1D-AA9E-03A82031DFC6}.Debug|Any CPU.Build.0 = Debug|Any CPU
		{89D92292-145A-4E1D-AA9E-03A82031DFC6}.Release|Any CPU.ActiveCfg = Release|Any CPU
		{89D92292-145A-4E1D-AA9E-03A82031DFC6}.Release|Any CPU.Build.0 = Release|Any CPU
	EndGlobalSection
	GlobalSection(SolutionProperties) = preSolution
		HideSolutionNode = FALSE
	EndGlobalSection
	GlobalSection(ExtensibilityGlobals) = postSolution
		SolutionGuid = {BC966411-ABFC-4FA8-BCB5-7D2CFD591815}
	EndGlobalSection
EndGlobal
